lockfileVersion: '9.0'

settings:
  autoInstallPeers: true
  excludeLinksFromLockfile: false

importers:

  .:
    dependencies:
      '@typescript/native-preview':
        specifier: 7.0.0-dev.20250626.1
        version: 7.0.0-dev.20250626.1

packages:

  '@typescript/native-preview-darwin-arm64@7.0.0-dev.20250626.1':
    resolution: {integrity: sha512-lOUiruk4m+8tL2CntBfloMYPQdQmIE1WQ57x+3O3Fz87C3ypmqQFCcyASpYnhi3Nlvzo+t4O3xC74uJ7/n2Slw==}
    engines: {node: '>=20.6.0'}
    cpu: [arm64]
    os: [darwin]

  '@typescript/native-preview-darwin-x64@7.0.0-dev.20250626.1':
    resolution: {integrity: sha512-4FrBxvbKpa0mMIuoO2QA+c2wcvGVL7k2TN2dv8B3d1VwSL2CwJkOJzwEv1QqlCVCSTmqgn5agVASPBRBB9WNuA==}
    engines: {node: '>=20.6.0'}
    cpu: [x64]
    os: [darwin]

  '@typescript/native-preview-linux-arm64@7.0.0-dev.20250626.1':
    resolution: {integrity: sha512-aE+R49tRkNagGvPxDbgikxHdxlXJEFIvwqrvtc/OLWlgwLAMOQ2fwp8F04vCYlhpf9mnxADNZ7FItpkK4nHZ4w==}
    engines: {node: '>=20.6.0'}
    cpu: [arm64]
    os: [linux]

  '@typescript/native-preview-linux-arm@7.0.0-dev.20250626.1':
    resolution: {integrity: sha512-1COVLqEfdqsF1Sjx9xD3rSVbakiyPdLqAHo+O2ImLvqfJQXdTvoEtTvXmHRy0o4plXLeq9ABrmk77BwkLVN00w==}
    engines: {node: '>=20.6.0'}
    cpu: [arm]
    os: [linux]

  '@typescript/native-preview-linux-x64@7.0.0-dev.20250626.1':
    resolution: {integrity: sha512-L0FVGybiZCBV2IOwCRLN/0SbqSytioaYOTSBrricFPgPG6fVy3tGhtGwrBWTyDV+59FEeqPBajYmrhdnG+oKJA==}
    engines: {node: '>=20.6.0'}
    cpu: [x64]
    os: [linux]

  '@typescript/native-preview-win32-arm64@7.0.0-dev.20250626.1':
    resolution: {integrity: sha512-nMpNQ94XrZqGxAIcIm/X4fPzPm2UnTdGUy4hyezsaW8l1fuHS9SGd66r7pkDfxiTp0nBZ6Ukos5o7QI+4ayqlA==}
    engines: {node: '>=20.6.0'}
    cpu: [arm64]
    os: [win32]

  '@typescript/native-preview-win32-x64@7.0.0-dev.20250626.1':
    resolution: {integrity: sha512-vQ+rV18iHq1+7ftEMJ5KFZN4Z8ZHK1lfjJ2k9LKwJn9f7PssvTVCoKoJT/PguCrziDEzbi82N32WHiwNI6nE3Q==}
    engines: {node: '>=20.6.0'}
    cpu: [x64]
    os: [win32]

  '@typescript/native-preview@7.0.0-dev.20250626.1':
    resolution: {integrity: sha512-8B/N1S8SafNZXPo1uhJa5ccuIHKYewpQrIJqWBrVdCGP/fMMFYN1lC+D3d+LxxJAoSn63Udqjzb0L/vgLHNjVw==}
    engines: {node: '>=20.6.0'}
    hasBin: true

snapshots:

  '@typescript/native-preview-darwin-arm64@7.0.0-dev.20250626.1':
    optional: true

  '@typescript/native-preview-darwin-x64@7.0.0-dev.20250626.1':
    optional: true

  '@typescript/native-preview-linux-arm64@7.0.0-dev.20250626.1':
    optional: true

  '@typescript/native-preview-linux-arm@7.0.0-dev.20250626.1':
    optional: true

  '@typescript/native-preview-linux-x64@7.0.0-dev.20250626.1':
    optional: true

  '@typescript/native-preview-win32-arm64@7.0.0-dev.20250626.1':
    optional: true

  '@typescript/native-preview-win32-x64@7.0.0-dev.20250626.1':
    optional: true

  '@typescript/native-preview@7.0.0-dev.20250626.1':
    optionalDependencies:
      '@typescript/native-preview-darwin-arm64': 7.0.0-dev.20250626.1
      '@typescript/native-preview-darwin-x64': 7.0.0-dev.20250626.1
      '@typescript/native-preview-linux-arm': 7.0.0-dev.20250626.1
      '@typescript/native-preview-linux-arm64': 7.0.0-dev.20250626.1
      '@typescript/native-preview-linux-x64': 7.0.0-dev.20250626.1
      '@typescript/native-preview-win32-arm64': 7.0.0-dev.20250626.1
      '@typescript/native-preview-win32-x64': 7.0.0-dev.20250626.1
